
Microsoft Visual Studio Solution File, Format Version 11.00
# Visual Studio 2010
Project("{FAE04EC0-301F-11D3-BF4B-00C04F79EFBC}") = "RC Home", "RC Home\RC Home.csproj", "{601B64AF-31DF-42B9-A672-B5CD4EEBFE7C}"
EndProject
Global
	GlobalSection(SolutionConfigurationPlatforms) = preSolution
		Debug|Any CPU = Debug|Any CPU
		Release|Any CPU = Release|Any CPU
	EndGlobalSection
	GlobalSection(ProjectConfigurationPlatforms) = postSolution
		{601B64AF-31DF-42B9-A672-B5CD4EEBFE7C}.Debug|Any CPU.ActiveCfg = Debug|Any CPU
		{601B64AF-31DF-42B9-A672-B5CD4EEBFE7C}.Debug|Any CPU.Build.0 = Debug|Any CPU
		{601B64AF-31DF-42B9-A672-B5CD4EEBFE7C}.Debug|Any CPU.Deploy.0 = Debug|Any CPU
		{601B64AF-31DF-42B9-A672-B5CD4EEBFE7C}.Release|Any CPU.ActiveCfg = Release|Any CPU
		{601B64AF-31DF-42B9-A672-B5CD4EEBFE7C}.Release|Any CPU.Build.0 = Release|Any CPU
		{601B64AF-31DF-42B9-A672-B5CD4EEBFE7C}.Release|Any CPU.Deploy.0 = Release|Any CPU
	EndGlobalSection
	GlobalSection(SolutionProperties) = preSolution
		HideSolutionNode = FALSE
	EndGlobalSection
EndGlobal
